{
  "version": 4,
  "terraform_version": "1.2.8",
  "serial": 17,
  "lineage": "3e955890-c2be-7e6e-52ab-1763f1ffbf7b",
  "outputs": {
    "kubernetes_cluster_host": {
      "value": "34.107.3.150",
      "type": "string"
    },
    "kubernetes_cluster_name": {
      "value": "businesss-62a17-gke",
      "type": "string"
    },
    "project_id": {
      "value": "businesss-62a17",
      "type": "string"
    },
    "region": {
      "value": "europe-west3",
      "type": "string"
    }
  },
  "resources": [
    {
      "mode": "managed",
      "type": "google_compute_network",
      "name": "vpc",
      "provider": "provider[\"registry.terraform.io/hashicorp/google\"]",
      "instances": [
        {
          "schema_version": 0,
          "attributes": {
            "auto_create_subnetworks": false,
            "delete_default_routes_on_create": false,
            "description": "",
            "enable_ula_internal_ipv6": false,
            "gateway_ipv4": "",
            "id": "projects/businesss-62a17/global/networks/businesss-62a17-vpc",
            "internal_ipv6_range": "",
            "mtu": 0,
            "name": "businesss-62a17-vpc",
            "project": "businesss-62a17",
            "routing_mode": "REGIONAL",
            "self_link": "https://www.googleapis.com/compute/v1/projects/businesss-62a17/global/networks/businesss-62a17-vpc",
            "timeouts": null
          },
          "sensitive_attributes": [],
          "private": "eyJlMmJmYjczMC1lY2FhLTExZTYtOGY4OC0zNDM2M2JjN2M0YzAiOnsiY3JlYXRlIjoyNDAwMDAwMDAwMDAsImRlbGV0ZSI6MjQwMDAwMDAwMDAwLCJ1cGRhdGUiOjI0MDAwMDAwMDAwMH19"
        }
      ]
    },
    {
      "mode": "managed",
      "type": "google_compute_subnetwork",
      "name": "subnet",
      "provider": "provider[\"registry.terraform.io/hashicorp/google\"]",
      "instances": [
        {
          "schema_version": 0,
          "attributes": {
            "creation_timestamp": "2022-09-05T06:38:09.114-07:00",
            "description": "",
            "external_ipv6_prefix": "",
            "fingerprint": null,
            "gateway_address": "10.10.0.1",
            "id": "projects/businesss-62a17/regions/europe-west3/subnetworks/businesss-62a17-subnet",
            "ip_cidr_range": "10.10.0.0/24",
            "ipv6_access_type": "",
            "ipv6_cidr_range": "",
            "log_config": [],
            "name": "businesss-62a17-subnet",
            "network": "https://www.googleapis.com/compute/v1/projects/businesss-62a17/global/networks/businesss-62a17-vpc",
            "private_ip_google_access": false,
            "private_ipv6_google_access": "DISABLE_GOOGLE_ACCESS",
            "project": "businesss-62a17",
            "purpose": "PRIVATE",
            "region": "europe-west3",
            "role": "",
            "secondary_ip_range": [],
            "self_link": "https://www.googleapis.com/compute/v1/projects/businesss-62a17/regions/europe-west3/subnetworks/businesss-62a17-subnet",
            "stack_type": "IPV4_ONLY",
            "timeouts": null
          },
          "sensitive_attributes": [],
          "private": "eyJlMmJmYjczMC1lY2FhLTExZTYtOGY4OC0zNDM2M2JjN2M0YzAiOnsiY3JlYXRlIjoxMjAwMDAwMDAwMDAwLCJkZWxldGUiOjEyMDAwMDAwMDAwMDAsInVwZGF0ZSI6MTIwMDAwMDAwMDAwMH19",
          "dependencies": [
            "google_compute_network.vpc"
          ]
        }
      ]
    },
    {
      "mode": "managed",
      "type": "google_container_cluster",
      "name": "primary",
      "provider": "provider[\"registry.terraform.io/hashicorp/google\"]",
      "instances": [
        {
          "schema_version": 1,
          "attributes": {
            "addons_config": [
              {
                "cloudrun_config": [],
                "dns_cache_config": [],
                "gce_persistent_disk_csi_driver_config": [
                  {
                    "enabled": true
                  }
                ],
                "gcp_filestore_csi_driver_config": [],
                "horizontal_pod_autoscaling": [],
                "http_load_balancing": [],
                "network_policy_config": [
                  {
                    "disabled": true
                  }
                ]
              }
            ],
            "authenticator_groups_config": [],
            "binary_authorization": [
              {
                "enabled": false,
                "evaluation_mode": ""
              }
            ],
            "cluster_autoscaling": [
              {
                "auto_provisioning_defaults": [],
                "enabled": false,
                "resource_limits": []
              }
            ],
            "cluster_ipv4_cidr": "10.20.0.0/14",
            "confidential_nodes": [],
            "database_encryption": [
              {
                "key_name": "",
                "state": "DECRYPTED"
              }
            ],
            "datapath_provider": "",
            "default_max_pods_per_node": null,
            "default_snat_status": [
              {
                "disabled": false
              }
            ],
            "description": "",
            "dns_config": [],
            "enable_autopilot": false,
            "enable_binary_authorization": false,
            "enable_intranode_visibility": false,
            "enable_kubernetes_alpha": false,
            "enable_legacy_abac": false,
            "enable_shielded_nodes": true,
            "enable_tpu": false,
            "endpoint": "34.107.3.150",
            "id": "projects/businesss-62a17/locations/europe-west3/clusters/businesss-62a17-gke",
            "initial_node_count": 1,
            "ip_allocation_policy": [],
            "label_fingerprint": "a9dc16a7",
            "location": "europe-west3",
            "logging_config": [
              {
                "enable_components": [
                  "SYSTEM_COMPONENTS",
                  "WORKLOADS"
                ]
              }
            ],
            "logging_service": "logging.googleapis.com/kubernetes",
            "maintenance_policy": [],
            "master_auth": [
              {
                "client_certificate": "",
                "client_certificate_config": [
                  {
                    "issue_client_certificate": false
                  }
                ],
                "client_key": "",
                "cluster_ca_certificate": "LS0tLS1CRUdJTiBDRVJUSUZJQ0FURS0tLS0tCk1JSUVMRENDQXBTZ0F3SUJBZ0lRT3g4WTNiUEJnZzUrdWhvUU56dTRuREFOQmdrcWhraUc5dzBCQVFzRkFEQXYKTVMwd0t3WURWUVFERXlSaU5qQmxPVFEwTUMwME9HVm1MVFExWWprdE9XWmlaUzAxTTJVd056UmlNalJoT1RVdwpJQmNOTWpJd09UQTFNVEl6T0RNeFdoZ1BNakExTWpBNE1qZ3hNek00TXpGYU1DOHhMVEFyQmdOVkJBTVRKR0kyCk1HVTVORFF3TFRRNFpXWXRORFZpT1MwNVptSmxMVFV6WlRBM05HSXlOR0U1TlRDQ0FhSXdEUVlKS29aSWh2Y04KQVFFQkJRQURnZ0dQQURDQ0FZb0NnZ0dCQU10eUR1YkRwTW1FczhBSmI4Si9jVU42cHJ6eEU0SnhEYWc2UkR2TwpNTGJZZGx5eEVuNkxyNWpQWUdONmh4SFBqWUdRamVOcVYxd0FuR2h6SFBVYSs4REVTR25vbUo0QjU4eFJFSzdWCmtLYmFaelRpelNhRmFqODEzaGhXV3RMTXJ3dEhVa1ZTK2FldmlkUXRnaE9VSzh4WnpnQXEzZFFvbjdTTGJGR28KK0tpMkxicWYzbEkwa1Q4VVIrWFFoMzRBKzB0Ly9zMVRJaVB5MWFnR3pkRTVwck4wcTNOUnYxUWpJMmc5Sjl5egpPWnpxU3lpWDdGbXZHbVh1VVVhb2dJemJnRFNac2pKV3JaRlVQTm14Z0pscVNXci9mOHV2NEhoMnZpdVo3VEFiCmhqalpJR0dxMVI3dHc2WkFHVUw5cFF0UWd3eUlNTmlxeHBGQmRJdTVrWHNPVWJnWmVjdStUOGRhQ3hIWE8wTHAKYXptVmxHQmhuYzV5VjdweVVjRUpCbmZpVU4wU2tFejdhUTdlckJydEFaM0ZkT2E3SnJTSmxJdWgycUpVYkZ2Zgo1OVBDeGRHOGxlQTRhWlpiTWhicnVmcnlmelhNUlZXanZSSExiS2E0SzNXZ2RGcVZTUWJZS0FhNE5jR0JuZXo3CmxPN3F6NUUzSk5qTmxWUzRTSUZlNUhJRmpRSURBUUFCbzBJd1FEQU9CZ05WSFE4QkFmOEVCQU1DQWdRd0R3WUQKVlIwVEFRSC9CQVV3QXdFQi96QWRCZ05WSFE0RUZnUVVpeEYxVmU0dlN4Yzhsd3BGWFprNGxsRlFjd0l3RFFZSgpLb1pJaHZjTkFRRUxCUUFEZ2dHQkFJTjhnSmZZRHdGN3QrM09sWDJiVTZJMVIyWVhsTUVxS3lKdDBkMkE4L3p0CnRna3VmMlAwd0pqZzYyRlc3UjFIeEFSNnB2ZkhWT0ZEZmxNZFgzZVBqbU9icVFqWmdIM3RmUjZheEpEWlBoUkUKeTVYdDQ4UU1tZ04zcmNyMTd1RUc0NXN5SUtxUjB1UUpvbll0di9GYzhvTG9YT0VUU0V4M1MxYVlCdGV4MDBlYgpJTmJrbXd1L2xrMDN5Tm0yaWYxR0wzb2FWVGxIVkJSMDh0UUFMRFhFYllaZFlRajdXUGg4V1Jlc3BpMUZqbVFqCldYZWl6bzRHN29BYWRydGU3UnM1T29KY2dMK1ZkZHFsWkt0ZHBQODhuQkR3VHZSYmsxRXRsd1BuTVg1SHY0b2wKbkFSYVZYdzdKTWRRbUkwdmdZeWpHNEdHU2lucThBeURpNURPZmZGVzRQcXRtSHdsNmI1WUxXSWlhaUdVeEtJZAo0ZG4wNTZrUjRkL1gzWElYU2Q2THQ3Nlk3Y2drdHI5U0x3elNLUStjR2FQRFI5cU1vZ2xmWS9WelM4dkM2bjZsCmhZNURxS3JvOEYreWJpeVBIVGd1L2d0QmNFLzVyNThWbnR2cTFKbGt6S1o0L1dPenovTnBjS3BZdmFLK3YvWEIKUlRUbG10d1J3QXh6WHdYaWt0M1d5QT09Ci0tLS0tRU5EIENFUlRJRklDQVRFLS0tLS0K"
              }
            ],
            "master_authorized_networks_config": [],
            "master_version": "1.22.11-gke.400",
            "mesh_certificates": [],
            "min_master_version": null,
            "monitoring_config": [
              {
                "enable_components": [
                  "SYSTEM_COMPONENTS"
                ]
              }
            ],
            "monitoring_service": "monitoring.googleapis.com/kubernetes",
            "name": "businesss-62a17-gke",
            "network": "projects/businesss-62a17/global/networks/businesss-62a17-vpc",
            "network_policy": [
              {
                "enabled": false,
                "provider": "PROVIDER_UNSPECIFIED"
              }
            ],
            "networking_mode": "ROUTES",
            "node_config": [],
            "node_locations": [
              "europe-west3-a",
              "europe-west3-b",
              "europe-west3-c"
            ],
            "node_pool": [],
            "node_version": "1.22.11-gke.400",
            "notification_config": [
              {
                "pubsub": [
                  {
                    "enabled": false,
                    "topic": ""
                  }
                ]
              }
            ],
            "operation": null,
            "private_cluster_config": [],
            "private_ipv6_google_access": "",
            "project": "businesss-62a17",
            "release_channel": [
              {
                "channel": "REGULAR"
              }
            ],
            "remove_default_node_pool": true,
            "resource_labels": null,
            "resource_usage_export_config": [],
            "self_link": "https://container.googleapis.com/v1/projects/businesss-62a17/locations/europe-west3/clusters/businesss-62a17-gke",
            "services_ipv4_cidr": "10.23.240.0/20",
            "subnetwork": "projects/businesss-62a17/regions/europe-west3/subnetworks/businesss-62a17-subnet",
            "timeouts": null,
            "tpu_ipv4_cidr_block": "",
            "vertical_pod_autoscaling": [],
            "workload_identity_config": []
          },
          "sensitive_attributes": [],
          "private": "eyJlMmJmYjczMC1lY2FhLTExZTYtOGY4OC0zNDM2M2JjN2M0YzAiOnsiY3JlYXRlIjoyNDAwMDAwMDAwMDAwLCJkZWxldGUiOjI0MDAwMDAwMDAwMDAsInJlYWQiOjI0MDAwMDAwMDAwMDAsInVwZGF0ZSI6MzYwMDAwMDAwMDAwMH0sInNjaGVtYV92ZXJzaW9uIjoiMSJ9",
          "dependencies": [
            "google_compute_network.vpc",
            "google_compute_subnetwork.subnet"
          ]
        }
      ]
    },
    {
      "mode": "managed",
      "type": "google_container_node_pool",
      "name": "primary_nodes",
      "provider": "provider[\"registry.terraform.io/hashicorp/google\"]",
      "instances": [
        {
          "status": "tainted",
          "schema_version": 1,
          "attributes": {
            "autoscaling": [],
            "cluster": "businesss-62a17-gke",
            "id": "projects/businesss-62a17/locations/europe-west3/clusters/businesss-62a17-gke/nodePools/businesss-62a17-gke-node-pool",
            "initial_node_count": null,
            "instance_group_urls": null,
            "location": "europe-west3",
            "managed_instance_group_urls": null,
            "management": null,
            "max_pods_per_node": null,
            "name": "businesss-62a17-gke-node-pool",
            "name_prefix": null,
            "node_config": [
              {
                "boot_disk_kms_key": "",
                "disk_size_gb": 0,
                "disk_type": "",
                "gcfs_config": [],
                "guest_accelerator": [],
                "gvnic": [],
                "image_type": "",
                "labels": {
                  "env": "businesss-62a17"
                },
                "local_ssd_count": 0,
                "machine_type": "n1-standard-1",
                "metadata": {
                  "disable-legacy-endpoints": "true"
                },
                "min_cpu_platform": "",
                "node_group": "",
                "oauth_scopes": [
                  "https://www.googleapis.com/auth/logging.write",
                  "https://www.googleapis.com/auth/monitoring"
                ],
                "preemptible": false,
                "reservation_affinity": [],
                "service_account": "",
                "shielded_instance_config": [],
                "spot": false,
                "tags": [
                  "gke-node",
                  "businesss-62a17-gke"
                ],
                "taint": [],
                "workload_metadata_config": []
              }
            ],
            "node_count": 2,
            "node_locations": [],
            "operation": null,
            "project": null,
            "timeouts": null,
            "upgrade_settings": null,
            "version": null
          },
          "sensitive_attributes": [],
          "private": "eyJlMmJmYjczMC1lY2FhLTExZTYtOGY4OC0zNDM2M2JjN2M0YzAiOnsiY3JlYXRlIjoxODAwMDAwMDAwMDAwLCJkZWxldGUiOjE4MDAwMDAwMDAwMDAsInVwZGF0ZSI6MTgwMDAwMDAwMDAwMH0sInNjaGVtYV92ZXJzaW9uIjoiMSJ9",
          "dependencies": [
            "google_compute_network.vpc",
            "google_compute_subnetwork.subnet",
            "google_container_cluster.primary"
          ]
        }
      ]
    }
  ]
}
